# THIS IS AN AUTOGENERATED FILE. DO NOT EDIT THIS FILE DIRECTLY.
# yarn lockfile v1


"PHP-Minecraft-Query@https://github.com/xPaw/PHP-Minecraft-Query":
  version "0.0.0"
  uid "24de69ac33c254aa6ea88cbc4ac2a212ae1b9a86"
  resolved "https://github.com/xPaw/PHP-Minecraft-Query#24de69ac33c254aa6ea88cbc4ac2a212ae1b9a86"

"PHP-Source-Query@https://github.com/xPaw/PHP-Source-Query":
  version "0.0.0"
  uid "0d7f795bfd9955f010a905c35f0c722e8e8819e2"
  resolved "https://github.com/xPaw/PHP-Source-Query#0d7f795bfd9955f010a905c35f0c722e8e8819e2"
