# THIS IS AN AUTOGENERATED FILE. DO NOT EDIT THIS FILE DIRECTLY.
# yarn lockfile v1


"PHP-Minecraft-Query@https://github.com/xPaw/PHP-Minecraft-Query":
  version "0.0.0"
  uid d3d04e0ba93ab82c7261b87676f55afe743600a5
  resolved "https://github.com/xPaw/PHP-Minecraft-Query#d3d04e0ba93ab82c7261b87676f55afe743600a5"

"PHP-Source-Query@https://github.com/xPaw/PHP-Source-Query":
  version "0.0.0"
  uid "9da781a993853775e47dc3959a162c2e028b3049"
  resolved "https://github.com/xPaw/PHP-Source-Query#9da781a993853775e47dc3959a162c2e028b3049"
