# THIS IS AN AUTOGENERATED FILE. DO NOT EDIT THIS FILE DIRECTLY.
# yarn lockfile v1


"PHP-Minecraft-Query@https://github.com/xPaw/PHP-Minecraft-Query":
  version "0.0.0"
  uid "24de69ac33c254aa6ea88cbc4ac2a212ae1b9a86"
  resolved "https://github.com/xPaw/PHP-Minecraft-Query#24de69ac33c254aa6ea88cbc4ac2a212ae1b9a86"

"PHP-Source-Query@https://github.com/xPaw/PHP-Source-Query":
  version "0.0.0"
  uid f61979409d5fd49e4f4595bf865dab350281d2a1
  resolved "https://github.com/xPaw/PHP-Source-Query#f61979409d5fd49e4f4595bf865dab350281d2a1"
